{
  "name": "examples",
  "version": "1.0.0",
  "lockfileVersion": 2,
  "requires": true,
  "packages": {
    "": {
      "name": "examples",
      "version": "1.0.0",
      "dependencies": {
        "inflating-transform": "^0.4.1",
        "sax": "^1.4.1"
      }
    },
    "node_modules/inflating-transform": {
      "version": "0.4.1",
      "resolved": "https://registry.npmjs.org/inflating-transform/-/inflating-transform-0.4.1.tgz",
      "integrity": "sha512-q+4fp5hptSGZKkhNAcIMyj+D6nVLIXVbiWUuW/1i8r/e5jL4HGy9nVH411QwUtSudCITPFY93deGJnA46U2wQw=="
    },
    "node_modules/sax": {
      "version": "1.4.1",
      "resolved": "https://registry.npmjs.org/sax/-/sax-1.4.1.tgz",
      "integrity": "sha512-+aWOz7yVScEGoKNd4PA10LZ8sk0A/z5+nXQG5giUO5rprX9jgYsTdov9qCchZiPIZezbZH+jRut8nPodFAX4Jg=="
    }
  },
  "dependencies": {
    "inflating-transform": {
      "version": "0.4.1",
      "resolved": "https://registry.npmjs.org/inflating-transform/-/inflating-transform-0.4.1.tgz",
      "integrity": "sha512-q+4fp5hptSGZKkhNAcIMyj+D6nVLIXVbiWUuW/1i8r/e5jL4HGy9nVH411QwUtSudCITPFY93deGJnA46U2wQw=="
    },
    "sax": {
      "version": "1.4.1",
      "resolved": "https://registry.npmjs.org/sax/-/sax-1.4.1.tgz",
      "integrity": "sha512-+aWOz7yVScEGoKNd4PA10LZ8sk0A/z5+nXQG5giUO5rprX9jgYsTdov9qCchZiPIZezbZH+jRut8nPodFAX4Jg=="
    }
  }
}
